{
  "requires": true,
  "lockfileVersion": 1,
  "dependencies": {
    "@iconfu/svg-inject": {
      "version": "1.2.3",
      "resolved": "https://registry.npmjs.org/@iconfu/svg-inject/-/svg-inject-1.2.3.tgz",
      "integrity": "sha512-3v1MUAJqmJS4jmhHoCkSxt+EdJrjPHlLXrWocCT25kCxnxJto8028Z6CC406EL11KA53SDZgI/QQA5GEJAoiRw=="
    }
  }
}
